// !$*UTF8*$!
{
	archiveVersion = 1;
	classes = {
	};
	objectVersion = 46;
	objects = {

/* Begin PBXBuildFile section */
		8EDE4ADD1CFE75A3005A24E8 /* main.m in Sources */ = {isa = PBXBuildFile; fileRef = 8EDE4ADC1CFE75A3005A24E8 /* main.m */; };
		8EDE4AE01CFE75A3005A24E8 /* AppDelegate.m in Sources */ = {isa = PBXBuildFile; fileRef = 8EDE4ADF1CFE75A3005A24E8 /* AppDelegate.m */; };
		8EDE4AE31CFE75A3005A24E8 /* ViewController.m in Sources */ = {isa = PBXBuildFile; fileRef = 8EDE4AE21CFE75A3005A24E8 /* ViewController.m */; };
		8EDE4AE61CFE75A3005A24E8 /* Main.storyboard in Resources */ = {isa = PBXBuildFile; fileRef = 8EDE4AE41CFE75A3005A24E8 /* Main.storyboard */; };
		8EDE4AE81CFE75A3005A24E8 /* Assets.xcassets in Resources */ = {isa = PBXBuildFile; fileRef = 8EDE4AE71CFE75A3005A24E8 /* Assets.xcassets */; };
		8EDE4AEB1CFE75A3005A24E8 /* LaunchScreen.storyboard in Resources */ = {isa = PBXBuildFile; fileRef = 8EDE4AE91CFE75A3005A24E8 /* LaunchScreen.storyboard */; };
		8EDE4AF61CFE75A3005A24E8 /* xiaoriziTests.m in Sources */ = {isa = PBXBuildFile; fileRef = 8EDE4AF51CFE75A3005A24E8 /* xiaoriziTests.m */; };
		8EDE4B011CFE75A3005A24E8 /* xiaoriziUITests.m in Sources */ = {isa = PBXBuildFile; fileRef = 8EDE4B001CFE75A3005A24E8 /* xiaoriziUITests.m */; };
/* End PBXBuildFile section */

/* Begin PBXContainerItemProxy section */
		8EDE4AF21CFE75A3005A24E8 /* PBXContainerItemProxy */ = {
			isa = PBXContainerItemProxy;
			containerPortal = 8EDE4AD01CFE75A3005A24E8 /* Project object */;
			proxyType = 1;
			remoteGlobalIDString = 8EDE4AD71CFE75A3005A24E8;
			remoteInfo = xiaorizi;
		};
		8EDE4AFD1CFE75A3005A24E8 /* PBXContainerItemProxy */ = {
			isa = PBXContainerItemProxy;
			containerPortal = 8EDE4AD01CFE75A3005A24E8 /* Project object */;
			proxyType = 1;
			remoteGlobalIDString = 8EDE4AD71CFE75A3005A24E8;
			remoteInfo = xiaorizi;
		};
/* End PBXContainerItemProxy section */

/* Begin PBXFileReference section */
		8EDE4AD81CFE75A3005A24E8 /* xiaorizi.app */ = {isa = PBXFileReference; explicitFileType = wrapper.application; includeInIndex = 0; path = xiaorizi.app; sourceTree = BUILT_PRODUCTS_DIR; };
		8EDE4ADC1CFE75A3005A24E8 /* main.m */ = {isa = PBXFileReference; lastKnownFileType = sourcecode.c.objc; path = main.m; sourceTree = "<group>"; };
		8EDE4ADE1CFE75A3005A24E8 /* AppDelegate.h */ = {isa = PBXFileReference; lastKnownFileType = sourcecode.c.h; path = AppDelegate.h; sourceTree = "<group>"; };
		8EDE4ADF1CFE75A3005A24E8 /* AppDelegate.m */ = {isa = PBXFileReference; lastKnownFileType = sourcecode.c.objc; path = AppDelegate.m; sourceTree = "<group>"; };
		8EDE4AE11CFE75A3005A24E8 /* ViewController.h */ = {isa = PBXFileReference; lastKnownFileType = sourcecode.c.h; path = ViewController.h; sourceTree = "<group>"; };
		8EDE4AE21CFE75A3005A24E8 /* ViewController.m */ = {isa = PBXFileReference; lastKnownFileType = sourcecode.c.objc; path = ViewController.m; sourceTree = "<group>"; };
		8EDE4AE51CFE75A3005A24E8 /* Base */ = {isa = PBXFileReference; lastKnownFileType = file.storyboard; name = Base; path = Base.lproj/Main.storyboard; sourceTree = "<group>"; };
		8EDE4AE71CFE75A3005A24E8 /* Assets.xcassets */ = {isa = PBXFileReference; lastKnownFileType = folder.assetcatalog; path = Assets.xcassets; sourceTree = "<group>"; };
		8EDE4AEA1CFE75A3005A24E8 /* Base */ = {isa = PBXFileReference; lastKnownFileType = file.storyboard; name = Base; path = Base.lproj/LaunchScreen.storyboard; sourceTree = "<group>"; };
		8EDE4AEC1CFE75A3005A24E8 /* Info.plist */ = {isa = PBXFileReference; lastKnownFileType = text.plist.xml; path = Info.plist; sourceTree = "<group>"; };
		8EDE4AF11CFE75A3005A24E8 /* xiaoriziTests.xctest */ = {isa = PBXFileReference; explicitFileType = wrapper.cfbundle; includeInIndex = 0; path = xiaoriziTests.xctest; sourceTree = BUILT_PRODUCTS_DIR; };
		8EDE4AF51CFE75A3005A24E8 /* xiaoriziTests.m */ = {isa = PBXFileReference; lastKnownFileType = sourcecode.c.objc; path = xiaoriziTests.m; sourceTree = "<group>"; };
		8EDE4AF71CFE75A3005A24E8 /* Info.plist */ = {isa = PBXFileReference; lastKnownFileType = text.plist.xml; path = Info.plist; sourceTree = "<group>"; };
		8EDE4AFC1CFE75A3005A24E8 /* xiaoriziUITests.xctest */ = {isa = PBXFileReference; explicitFileType = wrapper.cfbundle; includeInIndex = 0; path = xiaoriziUITests.xctest; sourceTree = BUILT_PRODUCTS_DIR; };
		8EDE4B001CFE75A3005A24E8 /* xiaoriziUITests.m */ = {isa = PBXFileReference; lastKnownFileType = sourcecode.c.objc; path = xiaoriziUITests.m; sourceTree = "<group>"; };
		8EDE4B021CFE75A3005A24E8 /* Info.plist */ = {isa = PBXFileReference; lastKnownFileType = text.plist.xml; path = Info.plist; sourceTree = "<group>"; };
/* End PBXFileReference section */

/* Begin PBXFrameworksBuildPhase section */
		8EDE4AD51CFE75A3005A24E8 /* Frameworks */ = {
			isa = PBXFrameworksBuildPhase;
			buildActionMask = 2147483647;
			files = (
			);
			runOnlyForDeploymentPostprocessing = 0;
		};
		8EDE4AEE1CFE75A3005A24E8 /* Frameworks */ = {
			isa = PBXFrameworksBuildPhase;
			buildActionMask = 2147483647;
			files = (
			);
			runOnlyForDeploymentPostprocessing = 0;
		};
		8EDE4AF91CFE75A3005A24E8 /* Frameworks */ = {
			isa = PBXFrameworksBuildPhase;
			buildActionMask = 2147483647;
			files = (
			);
			runOnlyForDeploymentPostprocessing = 0;
		};
/* End PBXFrameworksBuildPhase section */

/* Begin PBXGroup section */
		8EDE4ACF1CFE75A3005A24E8 = {
			isa = PBXGroup;
			children = (
				8EDE4ADA1CFE75A3005A24E8 /* xiaorizi */,
				8EDE4AF41CFE75A3005A24E8 /* xiaoriziTests */,
				8EDE4AFF1CFE75A3005A24E8 /* xiaoriziUITests */,
				8EDE4AD91CFE75A3005A24E8 /* Products */,
			);
			sourceTree = "<group>";
		};
		8EDE4AD91CFE75A3005A24E8 /* Products */ = {
			isa = PBXGroup;
			children = (
				8EDE4AD81CFE75A3005A24E8 /* xiaorizi.app */,
				8EDE4AF11CFE75A3005A24E8 /* xiaoriziTests.xctest */,
				8EDE4AFC1CFE75A3005A24E8 /* xiaoriziUITests.xctest */,
			);
			name = Products;
			sourceTree = "<group>";
		};
		8EDE4ADA1CFE75A3005A24E8 /* xiaorizi */ = {
			isa = PBXGroup;
			children = (
				8EDE4ADE1CFE75A3005A24E8 /* AppDelegate.h */,
				8EDE4ADF1CFE75A3005A24E8 /* AppDelegate.m */,
				8EDE4AE11CFE75A3005A24E8 /* ViewController.h */,
				8EDE4AE21CFE75A3005A24E8 /* ViewController.m */,
				8EDE4AE41CFE75A3005A24E8 /* Main.storyboard */,
				8EDE4AE71CFE75A3005A24E8 /* Assets.xcassets */,
				8EDE4AE91CFE75A3005A24E8 /* LaunchScreen.storyboard */,
				8EDE4AEC1CFE75A3005A24E8 /* Info.plist */,
				8EDE4ADB1CFE75A3005A24E8 /* Supporting Files */,
			);
			path = xiaorizi;
			sourceTree = "<group>";
		};
		8EDE4ADB1CFE75A3005A24E8 /* Supporting Files */ = {
			isa = PBXGroup;
			children = (
				8EDE4ADC1CFE75A3005A24E8 /* main.m */,
			);
			name = "Supporting Files";
			sourceTree = "<group>";
		};
		8EDE4AF41CFE75A3005A24E8 /* xiaoriziTests */ = {
			isa = PBXGroup;
			children = (
				8EDE4AF51CFE75A3005A24E8 /* xiaoriziTests.m */,
				8EDE4AF71CFE75A3005A24E8 /* Info.plist */,
			);
			path = xiaoriziTests;
			sourceTree = "<group>";
		};
		8EDE4AFF1CFE75A3005A24E8 /* xiaoriziUITests */ = {
			isa = PBXGroup;
			children = (
				8EDE4B001CFE75A3005A24E8 /* xiaoriziUITests.m */,
				8EDE4B021CFE75A3005A24E8 /* Info.plist */,
			);
			path = xiaoriziUITests;
			sourceTree = "<group>";
		};
/* End PBXGroup section */

/* Begin PBXNativeTarget section */
		8EDE4AD71CFE75A3005A24E8 /* xiaorizi */ = {
			isa = PBXNativeTarget;
			buildConfigurationList = 8EDE4B051CFE75A3005A24E8 /* Build configuration list for PBXNativeTarget "xiaorizi" */;
			buildPhases = (
				8EDE4AD41CFE75A3005A24E8 /* Sources */,
				8EDE4AD51CFE75A3005A24E8 /* Frameworks */,
				8EDE4AD61CFE75A3005A24E8 /* Resources */,
			);
			buildRules = (
			);
			dependencies = (
			);
			name = xiaorizi;
			productName = xiaorizi;
			productReference = 8EDE4AD81CFE75A3005A24E8 /* xiaorizi.app */;
			productType = "com.apple.product-type.application";
		};
		8EDE4AF01CFE75A3005A24E8 /* xiaoriziTests */ = {
			isa = PBXNativeTarget;
			buildConfigurationList = 8EDE4B081CFE75A3005A24E8 /* Build configuration list for PBXNativeTarget "xiaoriziTests" */;
			buildPhases = (
				8EDE4AED1CFE75A3005A24E8 /* Sources */,
				8EDE4AEE1CFE75A3005A24E8 /* Frameworks */,
				8EDE4AEF1CFE75A3005A24E8 /* Resources */,
			);
			buildRules = (
			);
			dependencies = (
				8EDE4AF31CFE75A3005A24E8 /* PBXTargetDependency */,
			);
			name = xiaoriziTests;
			productName = xiaoriziTests;
			productReference = 8EDE4AF11CFE75A3005A24E8 /* xiaoriziTests.xctest */;
			productType = "com.apple.product-type.bundle.unit-test";
		};
		8EDE4AFB1CFE75A3005A24E8 /* xiaoriziUITests */ = {
			isa = PBXNativeTarget;
			buildConfigurationList = 8EDE4B0B1CFE75A3005A24E8 /* Build configuration list for PBXNativeTarget "xiaoriziUITests" */;
			buildPhases = (
				8EDE4AF81CFE75A3005A24E8 /* Sources */,
				8EDE4AF91CFE75A3005A24E8 /* Frameworks */,
				8EDE4AFA1CFE75A3005A24E8 /* Resources */,
			);
			buildRules = (
			);
			dependencies = (
				8EDE4AFE1CFE75A3005A24E8 /* PBXTargetDependency */,
			);
			name = xiaoriziUITests;
			productName = xiaoriziUITests;
			productReference = 8EDE4AFC1CFE75A3005A24E8 /* xiaoriziUITests.xctest */;
			productType = "com.apple.product-type.bundle.ui-testing";
		};
/* End PBXNativeTarget section */

/* Begin PBXProject section */
		8EDE4AD01CFE75A3005A24E8 /* Project object */ = {
			isa = PBXProject;
			attributes = {
				LastUpgradeCheck = 0720;
				ORGANIZATIONNAME = "hundred Company";
				TargetAttributes = {
					8EDE4AD71CFE75A3005A24E8 = {
						CreatedOnToolsVersion = 7.2.1;
						DevelopmentTeam = 8MZ39B25XE;
					};
					8EDE4AF01CFE75A3005A24E8 = {
						CreatedOnToolsVersion = 7.2.1;
						DevelopmentTeam = 8MZ39B25XE;
						TestTargetID = 8EDE4AD71CFE75A3005A24E8;
					};
					8EDE4AFB1CFE75A3005A24E8 = {
						CreatedOnToolsVersion = 7.2.1;
						DevelopmentTeam = 8MZ39B25XE;
						TestTargetID = 8EDE4AD71CFE75A3005A24E8;
					};
				};
			};
			buildConfigurationList = 8EDE4AD31CFE75A3005A24E8 /* Build configuration list for PBXProject "xiaorizi" */;
			compatibilityVersion = "Xcode 3.2";
			developmentRegion = English;
			hasScannedForEncodings = 0;
			knownRegions = (
				en,
				Base,
			);
			mainGroup = 8EDE4ACF1CFE75A3005A24E8;
			productRefGroup = 8EDE4AD91CFE75A3005A24E8 /* Products */;
			projectDirPath = "";
			projectRoot = "";
			targets = (
				8EDE4AD71CFE75A3005A24E8 /* xiaorizi */,
				8EDE4AF01CFE75A3005A24E8 /* xiaoriziTests */,
				8EDE4AFB1CFE75A3005A24E8 /* xiaoriziUITests */,
			);
		};
/* End PBXProject section */

/* Begin PBXResourcesBuildPhase section */
		8EDE4AD61CFE75A3005A24E8 /* Resources */ = {
			isa = PBXResourcesBuildPhase;
			buildActionMask = 2147483647;
			files = (
				8EDE4AEB1CFE75A3005A24E8 /* LaunchScreen.storyboard in Resources */,
				8EDE4AE81CFE75A3005A24E8 /* Assets.xcassets in Resources */,
				8EDE4AE61CFE75A3005A24E8 /* Main.storyboard in Resources */,
			);
			runOnlyForDeploymentPostprocessing = 0;
		};
		8EDE4AEF1CFE75A3005A24E8 /* Resources */ = {
			isa = PBXResourcesBuildPhase;
			buildActionMask = 2147483647;
			files = (
			);
			runOnlyForDeploymentPostprocessing = 0;
		};
		8EDE4AFA1CFE75A3005A24E8 /* Resources */ = {
			isa = PBXResourcesBuildPhase;
			buildActionMask = 2147483647;
			files = (
			);
			runOnlyForDeploymentPostprocessing = 0;
		};
/* End PBXResourcesBuildPhase section */

/* Begin PBXSourcesBuildPhase section */
		8EDE4AD41CFE75A3005A24E8 /* Sources */ = {
			isa = PBXSourcesBuildPhase;
			buildActionMask = 2147483647;
			files = (
				8EDE4AE31CFE75A3005A24E8 /* ViewController.m in Sources */,
				8EDE4AE01CFE75A3005A24E8 /* AppDelegate.m in Sources */,
				8EDE4ADD1CFE75A3005A24E8 /* main.m in Sources */,
			);
			runOnlyForDeploymentPostprocessing = 0;
		};
		8EDE4AED1CFE75A3005A24E8 /* Sources */ = {
			isa = PBXSourcesBuildPhase;
			buildActionMask = 2147483647;
			files = (
				8EDE4AF61CFE75A3005A24E8 /* xiaoriziTests.m in Sources */,
			);
			runOnlyForDeploymentPostprocessing = 0;
		};
		8EDE4AF81CFE75A3005A24E8 /* Sources */ = {
			isa = PBXSourcesBuildPhase;
			buildActionMask = 2147483647;
			files = (
				8EDE4B011CFE75A3005A24E8 /* xiaoriziUITests.m in Sources */,
			);
			runOnlyForDeploymentPostprocessing = 0;
		};
/* End PBXSourcesBuildPhase section */

/* Begin PBXTargetDependency section */
		8EDE4AF31CFE75A3005A24E8 /* PBXTargetDependency */ = {
			isa = PBXTargetDependency;
			target = 8EDE4AD71CFE75A3005A24E8 /* xiaorizi */;
			targetProxy = 8EDE4AF21CFE75A3005A24E8 /* PBXContainerItemProxy */;
		};
		8EDE4AFE1CFE75A3005A24E8 /* PBXTargetDependency */ = {
			isa = PBXTargetDependency;
			target = 8EDE4AD71CFE75A3005A24E8 /* xiaorizi */;
			targetProxy = 8EDE4AFD1CFE75A3005A24E8 /* PBXContainerItemProxy */;
		};
/* End PBXTargetDependency section */

/* Begin PBXVariantGroup section */
		8EDE4AE41CFE75A3005A24E8 /* Main.storyboard */ = {
			isa = PBXVariantGroup;
			children = (
				8EDE4AE51CFE75A3005A24E8 /* Base */,
			);
			name = Main.storyboard;
			sourceTree = "<group>";
		};
		8EDE4AE91CFE75A3005A24E8 /* LaunchScreen.storyboard */ = {
			isa = PBXVariantGroup;
			children = (
				8EDE4AEA1CFE75A3005A24E8 /* Base */,
			);
			name = LaunchScreen.storyboard;
			sourceTree = "<group>";
		};
/* End PBXVariantGroup section */

/* Begin XCBuildConfiguration section */
		8EDE4B031CFE75A3005A24E8 /* Debug */ = {
			isa = XCBuildConfiguration;
			buildSettings = {
				ALWAYS_SEARCH_USER_PATHS = NO;
				CLANG_CXX_LANGUAGE_STANDARD = "gnu++0x";
				CLANG_CXX_LIBRARY = "libc++";
				CLANG_ENABLE_MODULES = YES;
				CLANG_ENABLE_OBJC_ARC = YES;
				CLANG_WARN_BOOL_CONVERSION = YES;
				CLANG_WARN_CONSTANT_CONVERSION = YES;
				CLANG_WARN_DIRECT_OBJC_ISA_USAGE = YES_ERROR;
				CLANG_WARN_EMPTY_BODY = YES;
				CLANG_WARN_ENUM_CONVERSION = YES;
				CLANG_WARN_INT_CONVERSION = YES;
				CLANG_WARN_OBJC_ROOT_CLASS = YES_ERROR;
				CLANG_WARN_UNREACHABLE_CODE = YES;
				CLANG_WARN__DUPLICATE_METHOD_MATCH = YES;
				"CODE_SIGN_IDENTITY[sdk=iphoneos*]" = "iPhone Developer";
				COPY_PHASE_STRIP = NO;
				DEBUG_INFORMATION_FORMAT = dwarf;
				ENABLE_STRICT_OBJC_MSGSEND = YES;
				ENABLE_TESTABILITY = YES;
				GCC_C_LANGUAGE_STANDARD = gnu99;
				GCC_DYNAMIC_NO_PIC = NO;
				GCC_NO_COMMON_BLOCKS = YES;
				GCC_OPTIMIZATION_LEVEL = 0;
				GCC_PREPROCESSOR_DEFINITIONS = (
					"DEBUG=1",
					"$(inherited)",
				);
				GCC_WARN_64_TO_32_BIT_CONVERSION = YES;
				GCC_WARN_ABOUT_RETURN_TYPE = YES_ERROR;
				GCC_WARN_UNDECLARED_SELECTOR = YES;
				GCC_WARN_UNINITIALIZED_AUTOS = YES_AGGRESSIVE;
				GCC_WARN_UNUSED_FUNCTION = YES;
				GCC_WARN_UNUSED_VARIABLE = YES;
				IPHONEOS_DEPLOYMENT_TARGET = 9.2;
				MTL_ENABLE_DEBUG_INFO = YES;
				ONLY_ACTIVE_ARCH = YES;
				SDKROOT = iphoneos;
			};
			name = Debug;
		};
		8EDE4B041CFE75A3005A24E8 /* Release */ = {
			isa = XCBuildConfiguration;
			buildSettings = {
				ALWAYS_SEARCH_USER_PATHS = NO;
				CLANG_CXX_LANGUAGE_STANDARD = "gnu++0x";
				CLANG_CXX_LIBRARY = "libc++";
				CLANG_ENABLE_MODULES = YES;
				CLANG_ENABLE_OBJC_ARC = YES;
				CLANG_WARN_BOOL_CONVERSION = YES;
				CLANG_WARN_CONSTANT_CONVERSION = YES;
				CLANG_WARN_DIRECT_OBJC_ISA_USAGE = YES_ERROR;
				CLANG_WARN_EMPTY_BODY = YES;
				CLANG_WARN_ENUM_CONVERSION = YES;
				CLANG_WARN_INT_CONVERSION = YES;
				CLANG_WARN_OBJC_ROOT_CLASS = YES_ERROR;
				CLANG_WARN_UNREACHABLE_CODE = YES;
				CLANG_WARN__DUPLICATE_METHOD_MATCH = YES;
				"CODE_SIGN_IDENTITY[sdk=iphoneos*]" = "iPhone Developer";
				COPY_PHASE_STRIP = NO;
				DEBUG_INFORMATION_FORMAT = "dwarf-with-dsym";
				ENABLE_NS_ASSERTIONS = NO;
				ENABLE_STRICT_OBJC_MSGSEND = YES;
				GCC_C_LANGUAGE_STANDARD = gnu99;
				GCC_NO_COMMON_BLOCKS = YES;
				GCC_WARN_64_TO_32_BIT_CONVERSION = YES;
				GCC_WARN_ABOUT_RETURN_TYPE = YES_ERROR;
				GCC_WARN_UNDECLARED_SELECTOR = YES;
				GCC_WARN_UNINITIALIZED_AUTOS = YES_AGGRESSIVE;
				GCC_WARN_UNUSED_FUNCTION = YES;
				GCC_WARN_UNUSED_VARIABLE = YES;
				IPHONEOS_DEPLOYMENT_TARGET = 9.2;
				MTL_ENABLE_DEBUG_INFO = NO;
				SDKROOT = iphoneos;
				VALIDATE_PRODUCT = YES;
			};
			name = Release;
		};
		8EDE4B061CFE75A3005A24E8 /* Debug */ = {
			isa = XCBuildConfiguration;
			buildSettings = {
				ASSETCATALOG_COMPILER_APPICON_NAME = AppIcon;
				INFOPLIST_FILE = xiaorizi/Info.plist;
				LD_RUNPATH_SEARCH_PATHS = "$(inherited) @executable_path/Frameworks";
				PRODUCT_BUNDLE_IDENTIFIER = WHD.xiaorizi;
				PRODUCT_NAME = "$(TARGET_NAME)";
			};
			name = Debug;
		};
		8EDE4B071CFE75A3005A24E8 /* Release */ = {
			isa = XCBuildConfiguration;
			buildSettings = {
				ASSETCATALOG_COMPILER_APPICON_NAME = AppIcon;
				INFOPLIST_FILE = xiaorizi/Info.plist;
				LD_RUNPATH_SEARCH_PATHS = "$(inherited) @executable_path/Frameworks";
				PRODUCT_BUNDLE_IDENTIFIER = WHD.xiaorizi;
				PRODUCT_NAME = "$(TARGET_NAME)";
			};
			name = Release;
		};
		8EDE4B091CFE75A3005A24E8 /* Debug */ = {
			isa = XCBuildConfiguration;
			buildSettings = {
				BUNDLE_LOADER = "$(TEST_HOST)";
				INFOPLIST_FILE = xiaoriziTests/Info.plist;
				LD_RUNPATH_SEARCH_PATHS = "$(inherited) @executable_path/Frameworks @loader_path/Frameworks";
				PRODUCT_BUNDLE_IDENTIFIER = WHD.xiaoriziTests;
				PRODUCT_NAME = "$(TARGET_NAME)";
				TEST_HOST = "$(BUILT_PRODUCTS_DIR)/xiaorizi.app/xiaorizi";
			};
			name = Debug;
		};
		8EDE4B0A1CFE75A3005A24E8 /* Release */ = {
			isa = XCBuildConfiguration;
			buildSettings = {
				BUNDLE_LOADER = "$(TEST_HOST)";
				INFOPLIST_FILE = xiaoriziTests/Info.plist;
				LD_RUNPATH_SEARCH_PATHS = "$(inherited) @executable_path/Frameworks @loader_path/Frameworks";
				PRODUCT_BUNDLE_IDENTIFIER = WHD.xiaoriziTests;
				PRODUCT_NAME = "$(TARGET_NAME)";
				TEST_HOST = "$(BUILT_PRODUCTS_DIR)/xiaorizi.app/xiaorizi";
			};
			name = Release;
		};
		8EDE4B0C1CFE75A3005A24E8 /* Debug */ = {
			isa = XCBuildConfiguration;
			buildSettings = {
				INFOPLIST_FILE = xiaoriziUITests/Info.plist;
				LD_RUNPATH_SEARCH_PATHS = "$(inherited) @executable_path/Frameworks @loader_path/Frameworks";
				PRODUCT_BUNDLE_IDENTIFIER = WHD.xiaoriziUITests;
				PRODUCT_NAME = "$(TARGET_NAME)";
				TEST_TARGET_NAME = xiaorizi;
				USES_XCTRUNNER = YES;
			};
			name = Debug;
		};
		8EDE4B0D1CFE75A3005A24E8 /* Release */ = {
			isa = XCBuildConfiguration;
			buildSettings = {
				INFOPLIST_FILE = xiaoriziUITests/Info.plist;
				LD_RUNPATH_SEARCH_PATHS = "$(inherited) @executable_path/Frameworks @loader_path/Frameworks";
				PRODUCT_BUNDLE_IDENTIFIER = WHD.xiaoriziUITests;
				PRODUCT_NAME = "$(TARGET_NAME)";
				TEST_TARGET_NAME = xiaorizi;
				USES_XCTRUNNER = YES;
			};
			name = Release;
		};
/* End XCBuildConfiguration section */

/* Begin XCConfigurationList section */
		8EDE4AD31CFE75A3005A24E8 /* Build configuration list for PBXProject "xiaorizi" */ = {
			isa = XCConfigurationList;
			buildConfigurations = (
				8EDE4B031CFE75A3005A24E8 /* Debug */,
				8EDE4B041CFE75A3005A24E8 /* Release */,
			);
			defaultConfigurationIsVisible = 0;
			defaultConfigurationName = Release;
		};
		8EDE4B051CFE75A3005A24E8 /* Build configuration list for PBXNativeTarget "xiaorizi" */ = {
			isa = XCConfigurationList;
			buildConfigurations = (
				8EDE4B061CFE75A3005A24E8 /* Debug */,
				8EDE4B071CFE75A3005A24E8 /* Release */,
			);
			defaultConfigurationIsVisible = 0;
		};
		8EDE4B081CFE75A3005A24E8 /* Build configuration list for PBXNativeTarget "xiaoriziTests" */ = {
			isa = XCConfigurationList;
			buildConfigurations = (
				8EDE4B091CFE75A3005A24E8 /* Debug */,
				8EDE4B0A1CFE75A3005A24E8 /* Release */,
			);
			defaultConfigurationIsVisible = 0;
		};
		8EDE4B0B1CFE75A3005A24E8 /* Build configuration list for PBXNativeTarget "xiaoriziUITests" */ = {
			isa = XCConfigurationList;
			buildConfigurations = (
				8EDE4B0C1CFE75A3005A24E8 /* Debug */,
				8EDE4B0D1CFE75A3005A24E8 /* Release */,
			);
			defaultConfigurationIsVisible = 0;
		};
/* End XCConfigurationList section */
	};
	rootObject = 8EDE4AD01CFE75A3005A24E8 /* Project object */;
}
